
Microsoft Visual Studio Solution File, Format Version 12.00
# Visual Studio Version 17
VisualStudioVersion = 17.9.34723.18
MinimumVisualStudioVersion = 10.0.40219.1
Project("{FAE04EC0-301F-11D3-BF4B-00C04F79EFBC}") = "LibraryApplication.Web", "LibraryApplication.Web\LibraryApplication.Web.csproj", "{2E0F6C28-71B0-4E3A-BE79-E378A4738055}"
EndProject
Project("{FAE04EC0-301F-11D3-BF4B-00C04F79EFBC}") = "LibraryApplication.Domain", "LibraryApplication.Domain\LibraryApplication.Domain.csproj", "{F67DB6E1-F35A-4AD7-A7C3-D60FE8B87BD0}"
EndProject
Project("{FAE04EC0-301F-11D3-BF4B-00C04F79EFBC}") = "LibraryApplication.Repository", "LibraryApplication.Repository\LibraryApplication.Repository.csproj", "{7DB22747-1514-4EEA-88D2-FB23B7E0B802}"
EndProject
Project("{FAE04EC0-301F-11D3-BF4B-00C04F79EFBC}") = "LibraryApplication.Service", "LibraryApplication.Service\LibraryApplication.Service.csproj", "{C6D16D25-F6EA-43D9-9746-E39244C3B2E6}"
EndProject
Global
	GlobalSection(SolutionConfigurationPlatforms) = preSolution
		Debug|Any CPU = Debug|Any CPU
		Release|Any CPU = Release|Any CPU
	EndGlobalSection
	GlobalSection(ProjectConfigurationPlatforms) = postSolution
		{2E0F6C28-71B0-4E3A-BE79-E378A4738055}.Debug|Any CPU.ActiveCfg = Debug|Any CPU
		{2E0F6C28-71B0-4E3A-BE79-E378A4738055}.Debug|Any CPU.Build.0 = Debug|Any CPU
		{2E0F6C28-71B0-4E3A-BE79-E378A4738055}.Release|Any CPU.ActiveCfg = Release|Any CPU
		{2E0F6C28-71B0-4E3A-BE79-E378A4738055}.Release|Any CPU.Build.0 = Release|Any CPU
		{F67DB6E1-F35A-4AD7-A7C3-D60FE8B87BD0}.Debug|Any CPU.ActiveCfg = Debug|Any CPU
		{F67DB6E1-F35A-4AD7-A7C3-D60FE8B87BD0}.Debug|Any CPU.Build.0 = Debug|Any CPU
		{F67DB6E1-F35A-4AD7-A7C3-D60FE8B87BD0}.Release|Any CPU.ActiveCfg = Release|Any CPU
		{F67DB6E1-F35A-4AD7-A7C3-D60FE8B87BD0}.Release|Any CPU.Build.0 = Release|Any CPU
		{7DB22747-1514-4EEA-88D2-FB23B7E0B802}.Debug|Any CPU.ActiveCfg = Debug|Any CPU
		{7DB22747-1514-4EEA-88D2-FB23B7E0B802}.Debug|Any CPU.Build.0 = Debug|Any CPU
		{7DB22747-1514-4EEA-88D2-FB23B7E0B802}.Release|Any CPU.ActiveCfg = Release|Any CPU
		{7DB22747-1514-4EEA-88D2-FB23B7E0B802}.Release|Any CPU.Build.0 = Release|Any CPU
		{C6D16D25-F6EA-43D9-9746-E39244C3B2E6}.Debug|Any CPU.ActiveCfg = Debug|Any CPU
		{C6D16D25-F6EA-43D9-9746-E39244C3B2E6}.Debug|Any CPU.Build.0 = Debug|Any CPU
		{C6D16D25-F6EA-43D9-9746-E39244C3B2E6}.Release|Any CPU.ActiveCfg = Release|Any CPU
		{C6D16D25-F6EA-43D9-9746-E39244C3B2E6}.Release|Any CPU.Build.0 = Release|Any CPU
	EndGlobalSection
	GlobalSection(SolutionProperties) = preSolution
		HideSolutionNode = FALSE
	EndGlobalSection
	GlobalSection(ExtensibilityGlobals) = postSolution
		SolutionGuid = {CDEA9ED8-5774-41C9-AA4F-1C18DE54A1B3}
	EndGlobalSection
EndGlobal
